
Microsoft Visual Studio Solution File, Format Version 12.00
# Visual Studio Version 16
VisualStudioVersion = 16.0.29905.134
MinimumVisualStudioVersion = 10.0.40219.1
Project("{FAE04EC0-301F-11D3-BF4B-00C04F79EFBC}") = "SalesWebMvcNew", "SalesWebMvcNew\SalesWebMvcNew.csproj", "{A837D4F3-8805-435C-8EB8-AB321B0A8403}"
EndProject
Global
	GlobalSection(SolutionConfigurationPlatforms) = preSolution
		Debug|Any CPU = Debug|Any CPU
		Release|Any CPU = Release|Any CPU
	EndGlobalSection
	GlobalSection(ProjectConfigurationPlatforms) = postSolution
		{A837D4F3-8805-435C-8EB8-AB321B0A8403}.Debug|Any CPU.ActiveCfg = Debug|Any CPU
		{A837D4F3-8805-435C-8EB8-AB321B0A8403}.Debug|Any CPU.Build.0 = Debug|Any CPU
		{A837D4F3-8805-435C-8EB8-AB321B0A8403}.Release|Any CPU.ActiveCfg = Release|Any CPU
		{A837D4F3-8805-435C-8EB8-AB321B0A8403}.Release|Any CPU.Build.0 = Release|Any CPU
	EndGlobalSection
	GlobalSection(SolutionProperties) = preSolution
		HideSolutionNode = FALSE
	EndGlobalSection
	GlobalSection(ExtensibilityGlobals) = postSolution
		SolutionGuid = {3DCDD8BD-B354-44B5-B219-B83E915E568C}
	EndGlobalSection
EndGlobal
